
Microsoft Visual Studio Solution File, Format Version 12.00
# Visual Studio Version 16
VisualStudioVersion = 16.0.31410.357
MinimumVisualStudioVersion = 10.0.40219.1
Project("{9A19103F-16F7-4668-BE54-9A1E7A4F7556}") = "GenericApi", "SolvexAPI\GenericApi.csproj", "{CC2FCB0C-29BD-4461-A6F7-1DD97DD924A6}"
EndProject
Project("{9A19103F-16F7-4668-BE54-9A1E7A4F7556}") = "GenericApi.Core", "SolvexApi.Core\GenericApi.Core.csproj", "{74D53B43-2B47-4AAC-AC0D-FB81B45EFBFC}"
EndProject
Project("{9A19103F-16F7-4668-BE54-9A1E7A4F7556}") = "GenericApi.Model", "SolvexApi.Model\GenericApi.Model.csproj", "{BD895F66-BEF2-4FBE-9CC9-C43C55E8CE97}"
EndProject
Project("{9A19103F-16F7-4668-BE54-9A1E7A4F7556}") = "GenericApi.Bl", "SolvexApi.Bl\GenericApi.Bl.csproj", "{37D565B3-BDC5-4AF4-AC15-7AD7E6F887ED}"
EndProject
Project("{9A19103F-16F7-4668-BE54-9A1E7A4F7556}") = "GenericApi.Services", "SolvexApi.Services\GenericApi.Services.csproj", "{A5976A66-69A1-42FC-B79C-DB7E00827787}"
EndProject
Project("{FAE04EC0-301F-11D3-BF4B-00C04F79EFBC}") = "GenericApi.Services.Tests", "GenericApi.Services.Tests\GenericApi.Services.Tests.csproj", "{BD395BDE-B194-4590-9E82-A80AF86072A0}"
EndProject
Global
	GlobalSection(SolutionConfigurationPlatforms) = preSolution
		Debug|Any CPU = Debug|Any CPU
		Release|Any CPU = Release|Any CPU
	EndGlobalSection
	GlobalSection(ProjectConfigurationPlatforms) = postSolution
		{CC2FCB0C-29BD-4461-A6F7-1DD97DD924A6}.Debug|Any CPU.ActiveCfg = Debug|Any CPU
		{CC2FCB0C-29BD-4461-A6F7-1DD97DD924A6}.Debug|Any CPU.Build.0 = Debug|Any CPU
		{CC2FCB0C-29BD-4461-A6F7-1DD97DD924A6}.Release|Any CPU.ActiveCfg = Release|Any CPU
		{CC2FCB0C-29BD-4461-A6F7-1DD97DD924A6}.Release|Any CPU.Build.0 = Release|Any CPU
		{74D53B43-2B47-4AAC-AC0D-FB81B45EFBFC}.Debug|Any CPU.ActiveCfg = Debug|Any CPU
		{74D53B43-2B47-4AAC-AC0D-FB81B45EFBFC}.Debug|Any CPU.Build.0 = Debug|Any CPU
		{74D53B43-2B47-4AAC-AC0D-FB81B45EFBFC}.Release|Any CPU.ActiveCfg = Release|Any CPU
		{74D53B43-2B47-4AAC-AC0D-FB81B45EFBFC}.Release|Any CPU.Build.0 = Release|Any CPU
		{BD895F66-BEF2-4FBE-9CC9-C43C55E8CE97}.Debug|Any CPU.ActiveCfg = Debug|Any CPU
		{BD895F66-BEF2-4FBE-9CC9-C43C55E8CE97}.Debug|Any CPU.Build.0 = Debug|Any CPU
		{BD895F66-BEF2-4FBE-9CC9-C43C55E8CE97}.Release|Any CPU.ActiveCfg = Release|Any CPU
		{BD895F66-BEF2-4FBE-9CC9-C43C55E8CE97}.Release|Any CPU.Build.0 = Release|Any CPU
		{37D565B3-BDC5-4AF4-AC15-7AD7E6F887ED}.Debug|Any CPU.ActiveCfg = Debug|Any CPU
		{37D565B3-BDC5-4AF4-AC15-7AD7E6F887ED}.Debug|Any CPU.Build.0 = Debug|Any CPU
		{37D565B3-BDC5-4AF4-AC15-7AD7E6F887ED}.Release|Any CPU.ActiveCfg = Release|Any CPU
		{37D565B3-BDC5-4AF4-AC15-7AD7E6F887ED}.Release|Any CPU.Build.0 = Release|Any CPU
		{A5976A66-69A1-42FC-B79C-DB7E00827787}.Debug|Any CPU.ActiveCfg = Debug|Any CPU
		{A5976A66-69A1-42FC-B79C-DB7E00827787}.Debug|Any CPU.Build.0 = Debug|Any CPU
		{A5976A66-69A1-42FC-B79C-DB7E00827787}.Release|Any CPU.ActiveCfg = Release|Any CPU
		{A5976A66-69A1-42FC-B79C-DB7E00827787}.Release|Any CPU.Build.0 = Release|Any CPU
		{BD395BDE-B194-4590-9E82-A80AF86072A0}.Debug|Any CPU.ActiveCfg = Debug|Any CPU
		{BD395BDE-B194-4590-9E82-A80AF86072A0}.Debug|Any CPU.Build.0 = Debug|Any CPU
		{BD395BDE-B194-4590-9E82-A80AF86072A0}.Release|Any CPU.ActiveCfg = Release|Any CPU
		{BD395BDE-B194-4590-9E82-A80AF86072A0}.Release|Any CPU.Build.0 = Release|Any CPU
	EndGlobalSection
	GlobalSection(SolutionProperties) = preSolution
		HideSolutionNode = FALSE
	EndGlobalSection
	GlobalSection(ExtensibilityGlobals) = postSolution
		SolutionGuid = {1B06D42A-5802-463D-A056-CEDD711085D0}
	EndGlobalSection
EndGlobal
